<?xml version="1.0" encoding="UTF-8" standalone="yes" ?>
<CodeBlocks_project_file>
	<FileVersion major="1" minor="6" />
	<Project>
		<Option title="Client" />
		<Option pch_mode="2" />
		<Option compiler="gcc" />
		<Build>
			<Target title="Win_Shared_x86">
				<Option platforms="Windows;" />
				<Option output="bin/client_shared_x86" prefix_auto="1" extension_auto="1" />
				<Option object_output="obj/win/shared/x86/" />
				<Option type="1" />
				<Option compiler="gcc" />
				<Linker>
					<Add library="sfml-audio" />
					<Add library="sfml-graphics" />
					<Add library="sfml-network" />
					<Add library="sfml-window" />
					<Add library="sfml-system" />
					<Add directory="../../lib/sfml/mingw/x86/shared" />
				</Linker>
			</Target>
			<Target title="Win_Static_x86">
				<Option platforms="Windows;" />
				<Option output="bin/client_static_x86" prefix_auto="1" extension_auto="1" />
				<Option object_output="obj/win/static/x86/" />
				<Option type="1" />
				<Option compiler="gcc" />
				<Compiler>
					<Add option="-march=corei7-avx" />
					<Add option="-Os" />
					<Add option="-DSFML_STATIC" />
					<Add option="-DGLEW_STATIC" />
					<Add option="-DUNICODE" />
					<Add directory="../../sfml/extlibs/headers" />
				</Compiler>
				<Linker>
					<Add option="-s" />
					<Add library="sfml-audio-s" />
					<Add library="sfml-graphics-s" />
					<Add library="sfml-network-s" />
					<Add library="sfml-window-s" />
					<Add library="sfml-system-s" />
					<Add library="sndfile" />
					<Add library="openal32" />
					<Add library="jpeg" />
					<Add library="glew32" />
					<Add library="freetype" />
					<Add library="ws2_32" />
					<Add library="gdi32" />
					<Add library="opengl32" />
					<Add library="winmm" />
					<Add directory="../../lib/sfml/mingw/x86/static" />
				</Linker>
			</Target>
			<Target title="Linux_Shared_x64">
				<Option platforms="Unix;" />
				<Option output="bin/client_shared_x64" prefix_auto="1" extension_auto="1" />
				<Option object_output="obj/linux/shared/x64/" />
				<Option type="1" />
				<Option compiler="gcc" />
				<Linker>
					<Add library="sfml-audio" />
					<Add library="sfml-graphics" />
					<Add library="sfml-network" />
					<Add library="sfml-window" />
					<Add library="sfml-system" />
					<Add directory="../../lib/sfml/gcc/x64/shared" />
				</Linker>
			</Target>
		</Build>
		<Compiler>
			<Add option="-std=c++11" />
			<Add option="-pipe" />
			<Add option="-fexceptions" />
			<Add option="-DNDEBUG" />
			<Add option="-DCLIENT" />
			<Add directory="../../include" />
			<Add directory="../ExtLibs" />
			<Add directory="../Shared/" />
			<Add directory="../ExtLibs/cpp-feather-ini-parser" />
			<Add directory="../ExtLibs/cpp-event-system" />
		</Compiler>
		<Unit filename="../BaseClient.cpp" />
		<Unit filename="../BaseClient.h" />
		<Unit filename="../BaseClients.cpp" />
		<Unit filename="../BaseClients.h" />
		<Unit filename="../BaseConfig.cpp" />
		<Unit filename="../BaseConfig.h" />
		<Unit filename="../BaseEngine.cpp" />
		<Unit filename="../BaseEngine.h" />
		<Unit filename="../BaseMessages.cpp" />
		<Unit filename="../BaseMessages.h" />
		<Unit filename="../BaseNetwork.cpp" />
		<Unit filename="../BaseNetwork.h" />
		<Unit filename="../BaseObject.cpp" />
		<Unit filename="../BaseObject.h" />
		<Unit filename="../BasePlayer.cpp" />
		<Unit filename="../BasePlayer.h" />
		<Unit filename="../BasePlayers.cpp" />
		<Unit filename="../BasePlayers.h" />
		<Unit filename="../Command.cpp" />
		<Unit filename="../Command.h" />
		<Unit filename="../Commands.cpp" />
		<Unit filename="../Commands.h" />
		<Unit filename="../Console.cpp" />
		<Unit filename="../Console.h" />
		<Unit filename="../Error.cpp" />
		<Unit filename="../Error.h" />
		<Unit filename="../ExtLibs/Function.h" />
		<Unit filename="../ExtLibs/PlaceableVector.h" />
		<Unit filename="../ExtLibs/Singleton.h" />
		<Unit filename="../ExtLibs/cpp-event-system/BaseEvent.cpp" />
		<Unit filename="../ExtLibs/cpp-event-system/BaseEvent.h" />
		<Unit filename="../ExtLibs/cpp-event-system/BaseEvents.h" />
		<Unit filename="../ExtLibs/cpp-event-system/Event.h" />
		<Unit filename="../ExtLibs/cpp-feather-ini-parser/INI.h" />
		<Unit filename="../Global.h" />
		<Unit filename="../Shared/Client.h" />
		<Unit filename="../Shared/Clients.h" />
		<Unit filename="../Shared/Config.h" />
		<Unit filename="../Shared/Console.h" />
		<Unit filename="../Shared/Engine.h" />
		<Unit filename="../Shared/Events.h" />
		<Unit filename="../Shared/Messages.h" />
		<Unit filename="../Shared/Network.h" />
		<Unit filename="../Shared/Player.h" />
		<Unit filename="../Shared/Players.h" />
		<Unit filename="Client.cpp" />
		<Unit filename="Client.h" />
		<Unit filename="Config.cpp" />
		<Unit filename="Config.h" />
		<Unit filename="Engine.cpp" />
		<Unit filename="Engine.h" />
		<Unit filename="Events.h" />
		<Unit filename="Messages.cpp" />
		<Unit filename="Messages.h" />
		<Unit filename="Network.cpp" />
		<Unit filename="Network.h" />
		<Unit filename="Player.cpp" />
		<Unit filename="Player.h" />
		<Unit filename="Players.cpp" />
		<Unit filename="Players.h" />
		<Unit filename="main.cpp" />
		<Extensions>
			<code_completion />
			<envvars />
			<debugger />
		</Extensions>
	</Project>
</CodeBlocks_project_file>
